
Microsoft Visual Studio Solution File, Format Version 12.00
# Visual Studio Version 17
VisualStudioVersion = 17.5.33530.505
MinimumVisualStudioVersion = 10.0.40219.1
Project("{FAE04EC0-301F-11D3-BF4B-00C04F79EFBC}") = "Graphic", "Graphic\Graphic.csproj", "{0B71FB5A-625F-447B-BC16-CE44BDF1093E}"
EndProject
Global
	GlobalSection(SolutionConfigurationPlatforms) = preSolution
		Debug|Any CPU = Debug|Any CPU
		Release|Any CPU = Release|Any CPU
	EndGlobalSection
	GlobalSection(ProjectConfigurationPlatforms) = postSolution
		{0B71FB5A-625F-447B-BC16-CE44BDF1093E}.Debug|Any CPU.ActiveCfg = Debug|Any CPU
		{0B71FB5A-625F-447B-BC16-CE44BDF1093E}.Debug|Any CPU.Build.0 = Debug|Any CPU
		{0B71FB5A-625F-447B-BC16-CE44BDF1093E}.Release|Any CPU.ActiveCfg = Release|Any CPU
		{0B71FB5A-625F-447B-BC16-CE44BDF1093E}.Release|Any CPU.Build.0 = Release|Any CPU
	EndGlobalSection
	GlobalSection(SolutionProperties) = preSolution
		HideSolutionNode = FALSE
	EndGlobalSection
	GlobalSection(ExtensibilityGlobals) = postSolution
		SolutionGuid = {F1A8A4CC-7A15-409C-B587-0AFE857DE6B3}
	EndGlobalSection
EndGlobal
